// !$*UTF8*$!
{
	archiveVersion = 1;
	classes = {
	};
	objectVersion = 51;
	objects = {

/* Begin PBXBuildFile section */
		9935F5C699164977A701A4FE /* Pods_Networking.framework in Frameworks */ = {isa = PBXBuildFile; fileRef = 262DA58DBE34AEC7DEEEE12A /* Pods_Networking.framework */; };
		EA03389925F02A8200963BB4 /* AppDelegate.swift in Sources */ = {isa = PBXBuildFile; fileRef = EA03389825F02A8200963BB4 /* AppDelegate.swift */; };
		EA03389B25F02A8200963BB4 /* SceneDelegate.swift in Sources */ = {isa = PBXBuildFile; fileRef = EA03389A25F02A8200963BB4 /* SceneDelegate.swift */; };
		EA03389D25F02A8200963BB4 /* ImageViewController.swift in Sources */ = {isa = PBXBuildFile; fileRef = EA03389C25F02A8200963BB4 /* ImageViewController.swift */; };
		EA0338A025F02A8200963BB4 /* Main.storyboard in Resources */ = {isa = PBXBuildFile; fileRef = EA03389E25F02A8200963BB4 /* Main.storyboard */; };
		EA0338A225F02A8400963BB4 /* Assets.xcassets in Resources */ = {isa = PBXBuildFile; fileRef = EA0338A125F02A8400963BB4 /* Assets.xcassets */; };
		EA0338A525F02A8400963BB4 /* LaunchScreen.storyboard in Resources */ = {isa = PBXBuildFile; fileRef = EA0338A325F02A8400963BB4 /* LaunchScreen.storyboard */; };
		EA0338B625F180FC00963BB4 /* CoursesViewController.swift in Sources */ = {isa = PBXBuildFile; fileRef = EA0338B525F180FC00963BB4 /* CoursesViewController.swift */; };
		EA0338BA25F1882E00963BB4 /* TableViewCell.swift in Sources */ = {isa = PBXBuildFile; fileRef = EA0338B925F1882E00963BB4 /* TableViewCell.swift */; };
		EA0338BE25F189C100963BB4 /* WebViewController.swift in Sources */ = {isa = PBXBuildFile; fileRef = EA0338BD25F189C100963BB4 /* WebViewController.swift */; };
		EA0338C325F18ED100963BB4 /* Course.swift in Sources */ = {isa = PBXBuildFile; fileRef = EA0338C225F18ED100963BB4 /* Course.swift */; };
		EA0338C725F194AE00963BB4 /* WebsiteDescription.swift in Sources */ = {isa = PBXBuildFile; fileRef = EA0338C625F194AE00963BB4 /* WebsiteDescription.swift */; };
		EA0338CB25F2E26100963BB4 /* MainViewController.swift in Sources */ = {isa = PBXBuildFile; fileRef = EA0338CA25F2E26100963BB4 /* MainViewController.swift */; };
		EA0338CE25F2E29100963BB4 /* CollectionViewCell.swift in Sources */ = {isa = PBXBuildFile; fileRef = EA0338CD25F2E29100963BB4 /* CollectionViewCell.swift */; };
		EA0338D125F3911C00963BB4 /* NetworkManager.swift in Sources */ = {isa = PBXBuildFile; fileRef = EA0338D025F3911C00963BB4 /* NetworkManager.swift */; };
		EA0338D525F7AFF100963BB4 /* ImageProperties.swift in Sources */ = {isa = PBXBuildFile; fileRef = EA0338D425F7AFF100963BB4 /* ImageProperties.swift */; };
		EA0338D825F7F74F00963BB4 /* DataProvider.swift in Sources */ = {isa = PBXBuildFile; fileRef = EA0338D725F7F74F00963BB4 /* DataProvider.swift */; };
		EA0338E325F9528600963BB4 /* AlamofireNetworkRequest.swift in Sources */ = {isa = PBXBuildFile; fileRef = EA0338E225F9528600963BB4 /* AlamofireNetworkRequest.swift */; };
		EA71FC52261228A300AEC5C5 /* Снимок экрана 2021-03-29 в 19.18.33.png in Resources */ = {isa = PBXBuildFile; fileRef = EA71FC4E261228A200AEC5C5 /* Снимок экрана 2021-03-29 в 19.18.33.png */; };
		EA71FC53261228A300AEC5C5 /* Снимок экрана 2021-03-29 в 19.21.08.png in Resources */ = {isa = PBXBuildFile; fileRef = EA71FC4F261228A200AEC5C5 /* Снимок экрана 2021-03-29 в 19.21.08.png */; };
		EA71FC54261228A300AEC5C5 /* Снимок экрана 2021-03-29 в 19.15.53.png in Resources */ = {isa = PBXBuildFile; fileRef = EA71FC50261228A300AEC5C5 /* Снимок экрана 2021-03-29 в 19.15.53.png */; };
		EA71FC55261228A300AEC5C5 /* Снимок экрана 2021-03-29 в 19.15.31.png in Resources */ = {isa = PBXBuildFile; fileRef = EA71FC51261228A300AEC5C5 /* Снимок экрана 2021-03-29 в 19.15.31.png */; };
/* End PBXBuildFile section */

/* Begin PBXFileReference section */
		262DA58DBE34AEC7DEEEE12A /* Pods_Networking.framework */ = {isa = PBXFileReference; explicitFileType = wrapper.framework; includeInIndex = 0; path = Pods_Networking.framework; sourceTree = BUILT_PRODUCTS_DIR; };
		3CA24BF16119F5D424A2374B /* Pods-Networking.release.xcconfig */ = {isa = PBXFileReference; includeInIndex = 1; lastKnownFileType = text.xcconfig; name = "Pods-Networking.release.xcconfig"; path = "Target Support Files/Pods-Networking/Pods-Networking.release.xcconfig"; sourceTree = "<group>"; };
		E2A688233102ADF86D4B3B6D /* Pods-Networking.debug.xcconfig */ = {isa = PBXFileReference; includeInIndex = 1; lastKnownFileType = text.xcconfig; name = "Pods-Networking.debug.xcconfig"; path = "Target Support Files/Pods-Networking/Pods-Networking.debug.xcconfig"; sourceTree = "<group>"; };
		EA03389525F02A8200963BB4 /* Networking.app */ = {isa = PBXFileReference; explicitFileType = wrapper.application; includeInIndex = 0; path = Networking.app; sourceTree = BUILT_PRODUCTS_DIR; };
		EA03389825F02A8200963BB4 /* AppDelegate.swift */ = {isa = PBXFileReference; lastKnownFileType = sourcecode.swift; path = AppDelegate.swift; sourceTree = "<group>"; };
		EA03389A25F02A8200963BB4 /* SceneDelegate.swift */ = {isa = PBXFileReference; lastKnownFileType = sourcecode.swift; path = SceneDelegate.swift; sourceTree = "<group>"; };
		EA03389C25F02A8200963BB4 /* ImageViewController.swift */ = {isa = PBXFileReference; lastKnownFileType = sourcecode.swift; path = ImageViewController.swift; sourceTree = "<group>"; };
		EA03389F25F02A8200963BB4 /* Base */ = {isa = PBXFileReference; lastKnownFileType = file.storyboard; name = Base; path = Base.lproj/Main.storyboard; sourceTree = "<group>"; };
		EA0338A125F02A8400963BB4 /* Assets.xcassets */ = {isa = PBXFileReference; lastKnownFileType = folder.assetcatalog; path = Assets.xcassets; sourceTree = "<group>"; };
		EA0338A425F02A8400963BB4 /* Base */ = {isa = PBXFileReference; lastKnownFileType = file.storyboard; name = Base; path = Base.lproj/LaunchScreen.storyboard; sourceTree = "<group>"; };
		EA0338A625F02A8400963BB4 /* Info.plist */ = {isa = PBXFileReference; lastKnownFileType = text.plist.xml; path = Info.plist; sourceTree = "<group>"; };
		EA0338B525F180FC00963BB4 /* CoursesViewController.swift */ = {isa = PBXFileReference; lastKnownFileType = sourcecode.swift; path = CoursesViewController.swift; sourceTree = "<group>"; };
		EA0338B925F1882E00963BB4 /* TableViewCell.swift */ = {isa = PBXFileReference; lastKnownFileType = sourcecode.swift; path = TableViewCell.swift; sourceTree = "<group>"; };
		EA0338BD25F189C100963BB4 /* WebViewController.swift */ = {isa = PBXFileReference; lastKnownFileType = sourcecode.swift; path = WebViewController.swift; sourceTree = "<group>"; };
		EA0338C225F18ED100963BB4 /* Course.swift */ = {isa = PBXFileReference; lastKnownFileType = sourcecode.swift; path = Course.swift; sourceTree = "<group>"; };
		EA0338C625F194AE00963BB4 /* WebsiteDescription.swift */ = {isa = PBXFileReference; lastKnownFileType = sourcecode.swift; path = WebsiteDescription.swift; sourceTree = "<group>"; };
		EA0338CA25F2E26100963BB4 /* MainViewController.swift */ = {isa = PBXFileReference; lastKnownFileType = sourcecode.swift; path = MainViewController.swift; sourceTree = "<group>"; };
		EA0338CD25F2E29100963BB4 /* CollectionViewCell.swift */ = {isa = PBXFileReference; lastKnownFileType = sourcecode.swift; path = CollectionViewCell.swift; sourceTree = "<group>"; };
		EA0338D025F3911C00963BB4 /* NetworkManager.swift */ = {isa = PBXFileReference; lastKnownFileType = sourcecode.swift; path = NetworkManager.swift; sourceTree = "<group>"; };
		EA0338D425F7AFF100963BB4 /* ImageProperties.swift */ = {isa = PBXFileReference; lastKnownFileType = sourcecode.swift; path = ImageProperties.swift; sourceTree = "<group>"; };
		EA0338D725F7F74F00963BB4 /* DataProvider.swift */ = {isa = PBXFileReference; lastKnownFileType = sourcecode.swift; path = DataProvider.swift; sourceTree = "<group>"; };
		EA0338E225F9528600963BB4 /* AlamofireNetworkRequest.swift */ = {isa = PBXFileReference; lastKnownFileType = sourcecode.swift; path = AlamofireNetworkRequest.swift; sourceTree = "<group>"; };
		EA71FC4E261228A200AEC5C5 /* Снимок экрана 2021-03-29 в 19.18.33.png */ = {isa = PBXFileReference; lastKnownFileType = image.png; path = "Снимок экрана 2021-03-29 в 19.18.33.png"; sourceTree = "<group>"; };
		EA71FC4F261228A200AEC5C5 /* Снимок экрана 2021-03-29 в 19.21.08.png */ = {isa = PBXFileReference; lastKnownFileType = image.png; path = "Снимок экрана 2021-03-29 в 19.21.08.png"; sourceTree = "<group>"; };
		EA71FC50261228A300AEC5C5 /* Снимок экрана 2021-03-29 в 19.15.53.png */ = {isa = PBXFileReference; lastKnownFileType = image.png; path = "Снимок экрана 2021-03-29 в 19.15.53.png"; sourceTree = "<group>"; };
		EA71FC51261228A300AEC5C5 /* Снимок экрана 2021-03-29 в 19.15.31.png */ = {isa = PBXFileReference; lastKnownFileType = image.png; path = "Снимок экрана 2021-03-29 в 19.15.31.png"; sourceTree = "<group>"; };
/* End PBXFileReference section */

/* Begin PBXFrameworksBuildPhase section */
		EA03389225F02A8200963BB4 /* Frameworks */ = {
			isa = PBXFrameworksBuildPhase;
			buildActionMask = 2147483647;
			files = (
				9935F5C699164977A701A4FE /* Pods_Networking.framework in Frameworks */,
			);
			runOnlyForDeploymentPostprocessing = 0;
		};
/* End PBXFrameworksBuildPhase section */

/* Begin PBXGroup section */
		719CCF1172997146C4644AC6 /* Frameworks */ = {
			isa = PBXGroup;
			children = (
				262DA58DBE34AEC7DEEEE12A /* Pods_Networking.framework */,
			);
			name = Frameworks;
			sourceTree = "<group>";
		};
		D09924A29D8AA613B01249A1 /* Pods */ = {
			isa = PBXGroup;
			children = (
				E2A688233102ADF86D4B3B6D /* Pods-Networking.debug.xcconfig */,
				3CA24BF16119F5D424A2374B /* Pods-Networking.release.xcconfig */,
			);
			path = Pods;
			sourceTree = "<group>";
		};
		EA03388C25F02A8200963BB4 = {
			isa = PBXGroup;
			children = (
				EA71FC43261227F500AEC5C5 /* Screenshots */,
				EA03389725F02A8200963BB4 /* Networking */,
				EA03389625F02A8200963BB4 /* Products */,
				D09924A29D8AA613B01249A1 /* Pods */,
				719CCF1172997146C4644AC6 /* Frameworks */,
			);
			sourceTree = "<group>";
		};
		EA03389625F02A8200963BB4 /* Products */ = {
			isa = PBXGroup;
			children = (
				EA03389525F02A8200963BB4 /* Networking.app */,
			);
			name = Products;
			sourceTree = "<group>";
		};
		EA03389725F02A8200963BB4 /* Networking */ = {
			isa = PBXGroup;
			children = (
				EA03389825F02A8200963BB4 /* AppDelegate.swift */,
				EA03389A25F02A8200963BB4 /* SceneDelegate.swift */,
				EA0338C225F18ED100963BB4 /* Course.swift */,
				EA0338C625F194AE00963BB4 /* WebsiteDescription.swift */,
				EA0338D425F7AFF100963BB4 /* ImageProperties.swift */,
				EA0338D025F3911C00963BB4 /* NetworkManager.swift */,
				EA0338D725F7F74F00963BB4 /* DataProvider.swift */,
				EA0338CA25F2E26100963BB4 /* MainViewController.swift */,
				EA0338E225F9528600963BB4 /* AlamofireNetworkRequest.swift */,
				EA0338CD25F2E29100963BB4 /* CollectionViewCell.swift */,
				EA03389C25F02A8200963BB4 /* ImageViewController.swift */,
				EA0338B525F180FC00963BB4 /* CoursesViewController.swift */,
				EA0338B925F1882E00963BB4 /* TableViewCell.swift */,
				EA0338BD25F189C100963BB4 /* WebViewController.swift */,
				EA03389E25F02A8200963BB4 /* Main.storyboard */,
				EA0338A125F02A8400963BB4 /* Assets.xcassets */,
				EA0338A325F02A8400963BB4 /* LaunchScreen.storyboard */,
				EA0338A625F02A8400963BB4 /* Info.plist */,
			);
			path = Networking;
			sourceTree = "<group>";
		};
		EA71FC43261227F500AEC5C5 /* Screenshots */ = {
			isa = PBXGroup;
			children = (
				EA71FC51261228A300AEC5C5 /* Снимок экрана 2021-03-29 в 19.15.31.png */,
				EA71FC50261228A300AEC5C5 /* Снимок экрана 2021-03-29 в 19.15.53.png */,
				EA71FC4E261228A200AEC5C5 /* Снимок экрана 2021-03-29 в 19.18.33.png */,
				EA71FC4F261228A200AEC5C5 /* Снимок экрана 2021-03-29 в 19.21.08.png */,
			);
			path = Screenshots;
			sourceTree = "<group>";
		};
/* End PBXGroup section */

/* Begin PBXNativeTarget section */
		EA03389425F02A8200963BB4 /* Networking */ = {
			isa = PBXNativeTarget;
			buildConfigurationList = EA0338A925F02A8400963BB4 /* Build configuration list for PBXNativeTarget "Networking" */;
			buildPhases = (
				DC3BBC3A1CD9FE2C9E0FD385 /* [CP] Check Pods Manifest.lock */,
				EA03389125F02A8200963BB4 /* Sources */,
				EA03389225F02A8200963BB4 /* Frameworks */,
				EA03389325F02A8200963BB4 /* Resources */,
				5EA8865F9D525E9E84BECD15 /* [CP] Embed Pods Frameworks */,
			);
			buildRules = (
			);
			dependencies = (
			);
			name = Networking;
			productName = Networking;
			productReference = EA03389525F02A8200963BB4 /* Networking.app */;
			productType = "com.apple.product-type.application";
		};
/* End PBXNativeTarget section */

/* Begin PBXProject section */
		EA03388D25F02A8200963BB4 /* Project object */ = {
			isa = PBXProject;
			attributes = {
				LastSwiftUpdateCheck = 1240;
				LastUpgradeCheck = 1240;
				TargetAttributes = {
					EA03389425F02A8200963BB4 = {
						CreatedOnToolsVersion = 12.4;
					};
				};
			};
			buildConfigurationList = EA03389025F02A8200963BB4 /* Build configuration list for PBXProject "Networking" */;
			compatibilityVersion = "Xcode 9.3";
			developmentRegion = en;
			hasScannedForEncodings = 0;
			knownRegions = (
				en,
				Base,
			);
			mainGroup = EA03388C25F02A8200963BB4;
			productRefGroup = EA03389625F02A8200963BB4 /* Products */;
			projectDirPath = "";
			projectRoot = "";
			targets = (
				EA03389425F02A8200963BB4 /* Networking */,
			);
		};
/* End PBXProject section */

/* Begin PBXResourcesBuildPhase section */
		EA03389325F02A8200963BB4 /* Resources */ = {
			isa = PBXResourcesBuildPhase;
			buildActionMask = 2147483647;
			files = (
				EA71FC53261228A300AEC5C5 /* Снимок экрана 2021-03-29 в 19.21.08.png in Resources */,
				EA71FC54261228A300AEC5C5 /* Снимок экрана 2021-03-29 в 19.15.53.png in Resources */,
				EA71FC52261228A300AEC5C5 /* Снимок экрана 2021-03-29 в 19.18.33.png in Resources */,
				EA71FC55261228A300AEC5C5 /* Снимок экрана 2021-03-29 в 19.15.31.png in Resources */,
				EA0338A525F02A8400963BB4 /* LaunchScreen.storyboard in Resources */,
				EA0338A225F02A8400963BB4 /* Assets.xcassets in Resources */,
				EA0338A025F02A8200963BB4 /* Main.storyboard in Resources */,
			);
			runOnlyForDeploymentPostprocessing = 0;
		};
/* End PBXResourcesBuildPhase section */

/* Begin PBXShellScriptBuildPhase section */
		5EA8865F9D525E9E84BECD15 /* [CP] Embed Pods Frameworks */ = {
			isa = PBXShellScriptBuildPhase;
			buildActionMask = 2147483647;
			files = (
			);
			inputFileListPaths = (
				"${PODS_ROOT}/Target Support Files/Pods-Networking/Pods-Networking-frameworks-${CONFIGURATION}-input-files.xcfilelist",
			);
			name = "[CP] Embed Pods Frameworks";
			outputFileListPaths = (
				"${PODS_ROOT}/Target Support Files/Pods-Networking/Pods-Networking-frameworks-${CONFIGURATION}-output-files.xcfilelist",
			);
			runOnlyForDeploymentPostprocessing = 0;
			shellPath = /bin/sh;
			shellScript = "\"${PODS_ROOT}/Target Support Files/Pods-Networking/Pods-Networking-frameworks.sh\"\n";
			showEnvVarsInLog = 0;
		};
		DC3BBC3A1CD9FE2C9E0FD385 /* [CP] Check Pods Manifest.lock */ = {
			isa = PBXShellScriptBuildPhase;
			buildActionMask = 2147483647;
			files = (
			);
			inputFileListPaths = (
			);
			inputPaths = (
				"${PODS_PODFILE_DIR_PATH}/Podfile.lock",
				"${PODS_ROOT}/Manifest.lock",
			);
			name = "[CP] Check Pods Manifest.lock";
			outputFileListPaths = (
			);
			outputPaths = (
				"$(DERIVED_FILE_DIR)/Pods-Networking-checkManifestLockResult.txt",
			);
			runOnlyForDeploymentPostprocessing = 0;
			shellPath = /bin/sh;
			shellScript = "diff \"${PODS_PODFILE_DIR_PATH}/Podfile.lock\" \"${PODS_ROOT}/Manifest.lock\" > /dev/null\nif [ $? != 0 ] ; then\n    # print error to STDERR\n    echo \"error: The sandbox is not in sync with the Podfile.lock. Run 'pod install' or update your CocoaPods installation.\" >&2\n    exit 1\nfi\n# This output is used by Xcode 'outputs' to avoid re-running this script phase.\necho \"SUCCESS\" > \"${SCRIPT_OUTPUT_FILE_0}\"\n";
			showEnvVarsInLog = 0;
		};
/* End PBXShellScriptBuildPhase section */

/* Begin PBXSourcesBuildPhase section */
		EA03389125F02A8200963BB4 /* Sources */ = {
			isa = PBXSourcesBuildPhase;
			buildActionMask = 2147483647;
			files = (
				EA0338D125F3911C00963BB4 /* NetworkManager.swift in Sources */,
				EA0338C725F194AE00963BB4 /* WebsiteDescription.swift in Sources */,
				EA0338C325F18ED100963BB4 /* Course.swift in Sources */,
				EA03389D25F02A8200963BB4 /* ImageViewController.swift in Sources */,
				EA03389925F02A8200963BB4 /* AppDelegate.swift in Sources */,
				EA0338BA25F1882E00963BB4 /* TableViewCell.swift in Sources */,
				EA0338BE25F189C100963BB4 /* WebViewController.swift in Sources */,
				EA0338E325F9528600963BB4 /* AlamofireNetworkRequest.swift in Sources */,
				EA03389B25F02A8200963BB4 /* SceneDelegate.swift in Sources */,
				EA0338D525F7AFF100963BB4 /* ImageProperties.swift in Sources */,
				EA0338B625F180FC00963BB4 /* CoursesViewController.swift in Sources */,
				EA0338CB25F2E26100963BB4 /* MainViewController.swift in Sources */,
				EA0338CE25F2E29100963BB4 /* CollectionViewCell.swift in Sources */,
				EA0338D825F7F74F00963BB4 /* DataProvider.swift in Sources */,
			);
			runOnlyForDeploymentPostprocessing = 0;
		};
/* End PBXSourcesBuildPhase section */

/* Begin PBXVariantGroup section */
		EA03389E25F02A8200963BB4 /* Main.storyboard */ = {
			isa = PBXVariantGroup;
			children = (
				EA03389F25F02A8200963BB4 /* Base */,
			);
			name = Main.storyboard;
			sourceTree = "<group>";
		};
		EA0338A325F02A8400963BB4 /* LaunchScreen.storyboard */ = {
			isa = PBXVariantGroup;
			children = (
				EA0338A425F02A8400963BB4 /* Base */,
			);
			name = LaunchScreen.storyboard;
			sourceTree = "<group>";
		};
/* End PBXVariantGroup section */

/* Begin XCBuildConfiguration section */
		EA0338A725F02A8400963BB4 /* Debug */ = {
			isa = XCBuildConfiguration;
			buildSettings = {
				ALWAYS_SEARCH_USER_PATHS = NO;
				CLANG_ANALYZER_NONNULL = YES;
				CLANG_ANALYZER_NUMBER_OBJECT_CONVERSION = YES_AGGRESSIVE;
				CLANG_CXX_LANGUAGE_STANDARD = "gnu++14";
				CLANG_CXX_LIBRARY = "libc++";
				CLANG_ENABLE_MODULES = YES;
				CLANG_ENABLE_OBJC_ARC = YES;
				CLANG_ENABLE_OBJC_WEAK = YES;
				CLANG_WARN_BLOCK_CAPTURE_AUTORELEASING = YES;
				CLANG_WARN_BOOL_CONVERSION = YES;
				CLANG_WARN_COMMA = YES;
				CLANG_WARN_CONSTANT_CONVERSION = YES;
				CLANG_WARN_DEPRECATED_OBJC_IMPLEMENTATIONS = YES;
				CLANG_WARN_DIRECT_OBJC_ISA_USAGE = YES_ERROR;
				CLANG_WARN_DOCUMENTATION_COMMENTS = YES;
				CLANG_WARN_EMPTY_BODY = YES;
				CLANG_WARN_ENUM_CONVERSION = YES;
				CLANG_WARN_INFINITE_RECURSION = YES;
				CLANG_WARN_INT_CONVERSION = YES;
				CLANG_WARN_NON_LITERAL_NULL_CONVERSION = YES;
				CLANG_WARN_OBJC_IMPLICIT_RETAIN_SELF = YES;
				CLANG_WARN_OBJC_LITERAL_CONVERSION = YES;
				CLANG_WARN_OBJC_ROOT_CLASS = YES_ERROR;
				CLANG_WARN_QUOTED_INCLUDE_IN_FRAMEWORK_HEADER = YES;
				CLANG_WARN_RANGE_LOOP_ANALYSIS = YES;
				CLANG_WARN_STRICT_PROTOTYPES = YES;
				CLANG_WARN_SUSPICIOUS_MOVE = YES;
				CLANG_WARN_UNGUARDED_AVAILABILITY = YES_AGGRESSIVE;
				CLANG_WARN_UNREACHABLE_CODE = YES;
				CLANG_WARN__DUPLICATE_METHOD_MATCH = YES;
				COPY_PHASE_STRIP = NO;
				DEBUG_INFORMATION_FORMAT = dwarf;
				ENABLE_STRICT_OBJC_MSGSEND = YES;
				ENABLE_TESTABILITY = YES;
				GCC_C_LANGUAGE_STANDARD = gnu11;
				GCC_DYNAMIC_NO_PIC = NO;
				GCC_NO_COMMON_BLOCKS = YES;
				GCC_OPTIMIZATION_LEVEL = 0;
				GCC_PREPROCESSOR_DEFINITIONS = (
					"DEBUG=1",
					"$(inherited)",
				);
				GCC_WARN_64_TO_32_BIT_CONVERSION = YES;
				GCC_WARN_ABOUT_RETURN_TYPE = YES_ERROR;
				GCC_WARN_UNDECLARED_SELECTOR = YES;
				GCC_WARN_UNINITIALIZED_AUTOS = YES_AGGRESSIVE;
				GCC_WARN_UNUSED_FUNCTION = YES;
				GCC_WARN_UNUSED_VARIABLE = YES;
				IPHONEOS_DEPLOYMENT_TARGET = 14.4;
				MTL_ENABLE_DEBUG_INFO = INCLUDE_SOURCE;
				MTL_FAST_MATH = YES;
				ONLY_ACTIVE_ARCH = YES;
				SDKROOT = iphoneos;
				SWIFT_ACTIVE_COMPILATION_CONDITIONS = DEBUG;
				SWIFT_OPTIMIZATION_LEVEL = "-Onone";
			};
			name = Debug;
		};
		EA0338A825F02A8400963BB4 /* Release */ = {
			isa = XCBuildConfiguration;
			buildSettings = {
				ALWAYS_SEARCH_USER_PATHS = NO;
				CLANG_ANALYZER_NONNULL = YES;
				CLANG_ANALYZER_NUMBER_OBJECT_CONVERSION = YES_AGGRESSIVE;
				CLANG_CXX_LANGUAGE_STANDARD = "gnu++14";
				CLANG_CXX_LIBRARY = "libc++";
				CLANG_ENABLE_MODULES = YES;
				CLANG_ENABLE_OBJC_ARC = YES;
				CLANG_ENABLE_OBJC_WEAK = YES;
				CLANG_WARN_BLOCK_CAPTURE_AUTORELEASING = YES;
				CLANG_WARN_BOOL_CONVERSION = YES;
				CLANG_WARN_COMMA = YES;
				CLANG_WARN_CONSTANT_CONVERSION = YES;
				CLANG_WARN_DEPRECATED_OBJC_IMPLEMENTATIONS = YES;
				CLANG_WARN_DIRECT_OBJC_ISA_USAGE = YES_ERROR;
				CLANG_WARN_DOCUMENTATION_COMMENTS = YES;
				CLANG_WARN_EMPTY_BODY = YES;
				CLANG_WARN_ENUM_CONVERSION = YES;
				CLANG_WARN_INFINITE_RECURSION = YES;
				CLANG_WARN_INT_CONVERSION = YES;
				CLANG_WARN_NON_LITERAL_NULL_CONVERSION = YES;
				CLANG_WARN_OBJC_IMPLICIT_RETAIN_SELF = YES;
				CLANG_WARN_OBJC_LITERAL_CONVERSION = YES;
				CLANG_WARN_OBJC_ROOT_CLASS = YES_ERROR;
				CLANG_WARN_QUOTED_INCLUDE_IN_FRAMEWORK_HEADER = YES;
				CLANG_WARN_RANGE_LOOP_ANALYSIS = YES;
				CLANG_WARN_STRICT_PROTOTYPES = YES;
				CLANG_WARN_SUSPICIOUS_MOVE = YES;
				CLANG_WARN_UNGUARDED_AVAILABILITY = YES_AGGRESSIVE;
				CLANG_WARN_UNREACHABLE_CODE = YES;
				CLANG_WARN__DUPLICATE_METHOD_MATCH = YES;
				COPY_PHASE_STRIP = NO;
				DEBUG_INFORMATION_FORMAT = "dwarf-with-dsym";
				ENABLE_NS_ASSERTIONS = NO;
				ENABLE_STRICT_OBJC_MSGSEND = YES;
				GCC_C_LANGUAGE_STANDARD = gnu11;
				GCC_NO_COMMON_BLOCKS = YES;
				GCC_WARN_64_TO_32_BIT_CONVERSION = YES;
				GCC_WARN_ABOUT_RETURN_TYPE = YES_ERROR;
				GCC_WARN_UNDECLARED_SELECTOR = YES;
				GCC_WARN_UNINITIALIZED_AUTOS = YES_AGGRESSIVE;
				GCC_WARN_UNUSED_FUNCTION = YES;
				GCC_WARN_UNUSED_VARIABLE = YES;
				IPHONEOS_DEPLOYMENT_TARGET = 14.4;
				MTL_ENABLE_DEBUG_INFO = NO;
				MTL_FAST_MATH = YES;
				SDKROOT = iphoneos;
				SWIFT_COMPILATION_MODE = wholemodule;
				SWIFT_OPTIMIZATION_LEVEL = "-O";
				VALIDATE_PRODUCT = YES;
			};
			name = Release;
		};
		EA0338AA25F02A8400963BB4 /* Debug */ = {
			isa = XCBuildConfiguration;
			baseConfigurationReference = E2A688233102ADF86D4B3B6D /* Pods-Networking.debug.xcconfig */;
			buildSettings = {
				ASSETCATALOG_COMPILER_APPICON_NAME = AppIcon;
				ASSETCATALOG_COMPILER_GLOBAL_ACCENT_COLOR_NAME = AccentColor;
				CODE_SIGN_ENTITLEMENTS = Networking/Networking.entitlements;
				CODE_SIGN_STYLE = Automatic;
				INFOPLIST_FILE = Networking/Info.plist;
				LD_RUNPATH_SEARCH_PATHS = (
					"$(inherited)",
					"@executable_path/Frameworks",
				);
				PRODUCT_BUNDLE_IDENTIFIER = IsaikinSergei.Networking;
				PRODUCT_NAME = "$(TARGET_NAME)";
				SWIFT_VERSION = 5.0;
				TARGETED_DEVICE_FAMILY = "1,2";
			};
			name = Debug;
		};
		EA0338AB25F02A8400963BB4 /* Release */ = {
			isa = XCBuildConfiguration;
			baseConfigurationReference = 3CA24BF16119F5D424A2374B /* Pods-Networking.release.xcconfig */;
			buildSettings = {
				ASSETCATALOG_COMPILER_APPICON_NAME = AppIcon;
				ASSETCATALOG_COMPILER_GLOBAL_ACCENT_COLOR_NAME = AccentColor;
				CODE_SIGN_ENTITLEMENTS = Networking/Networking.entitlements;
				CODE_SIGN_STYLE = Automatic;
				INFOPLIST_FILE = Networking/Info.plist;
				LD_RUNPATH_SEARCH_PATHS = (
					"$(inherited)",
					"@executable_path/Frameworks",
				);
				PRODUCT_BUNDLE_IDENTIFIER = IsaikinSergei.Networking;
				PRODUCT_NAME = "$(TARGET_NAME)";
				SWIFT_VERSION = 5.0;
				TARGETED_DEVICE_FAMILY = "1,2";
			};
			name = Release;
		};
/* End XCBuildConfiguration section */

/* Begin XCConfigurationList section */
		EA03389025F02A8200963BB4 /* Build configuration list for PBXProject "Networking" */ = {
			isa = XCConfigurationList;
			buildConfigurations = (
				EA0338A725F02A8400963BB4 /* Debug */,
				EA0338A825F02A8400963BB4 /* Release */,
			);
			defaultConfigurationIsVisible = 0;
			defaultConfigurationName = Release;
		};
		EA0338A925F02A8400963BB4 /* Build configuration list for PBXNativeTarget "Networking" */ = {
			isa = XCConfigurationList;
			buildConfigurations = (
				EA0338AA25F02A8400963BB4 /* Debug */,
				EA0338AB25F02A8400963BB4 /* Release */,
			);
			defaultConfigurationIsVisible = 0;
			defaultConfigurationName = Release;
		};
/* End XCConfigurationList section */
	};
	rootObject = EA03388D25F02A8200963BB4 /* Project object */;
}
